
Microsoft Visual Studio Solution File, Format Version 12.00
# Visual Studio 15
VisualStudioVersion = 15.0.28010.2026
MinimumVisualStudioVersion = 10.0.40219.1
Project("{888888A0-9F3D-457C-B088-3A5042F75D52}") = "pinkunhuluru20181025", "pinkunhuluru20181025\pinkunhuluru20181025.pyproj", "{1CF78ED9-9C30-460C-B867-5AD9C19F344E}"
EndProject
Global
	GlobalSection(SolutionConfigurationPlatforms) = preSolution
		Debug|Any CPU = Debug|Any CPU
		Release|Any CPU = Release|Any CPU
	EndGlobalSection
	GlobalSection(ProjectConfigurationPlatforms) = postSolution
		{1CF78ED9-9C30-460C-B867-5AD9C19F344E}.Debug|Any CPU.ActiveCfg = Debug|Any CPU
		{1CF78ED9-9C30-460C-B867-5AD9C19F344E}.Release|Any CPU.ActiveCfg = Release|Any CPU
	EndGlobalSection
	GlobalSection(SolutionProperties) = preSolution
		HideSolutionNode = FALSE
	EndGlobalSection
	GlobalSection(ExtensibilityGlobals) = postSolution
		SolutionGuid = {B173D200-B764-4887-B1A8-D156668CFD1E}
	EndGlobalSection
EndGlobal
